
Microsoft Visual Studio Solution File, Format Version 12.00
# Visual Studio Version 17
VisualStudioVersion = 17.7.34009.444
MinimumVisualStudioVersion = 10.0.40219.1
Project("{FAE04EC0-301F-11D3-BF4B-00C04F79EFBC}") = "Blog.Domain", "Blog.Domain\Blog.Domain.csproj", "{02BD0EFB-FCF4-418E-BD3A-3484B79D1602}"
EndProject
Project("{FAE04EC0-301F-11D3-BF4B-00C04F79EFBC}") = "Blog.DataLayer", "Blog.DataLayer\Blog.DataLayer.csproj", "{CAB4C2A1-5D71-40E1-9C8D-03D440A2BDD2}"
EndProject
Project("{FAE04EC0-301F-11D3-BF4B-00C04F79EFBC}") = "Blog.UI", "Blog.UI\Blog.UI.csproj", "{8935281B-F9AC-4674-99D8-99662BF4BAA3}"
EndProject
Project("{FAE04EC0-301F-11D3-BF4B-00C04F79EFBC}") = "Accountancy.DataLayer", "Accountancy.DataLayer\Accountancy.DataLayer.csproj", "{8B637FB1-F4F2-47A5-86AA-740DB0CFFA43}"
EndProject
Project("{FAE04EC0-301F-11D3-BF4B-00C04F79EFBC}") = "Accountancy.Domain", "Accountancy.Domain\Accountancy.Domain.csproj", "{1288E300-5EFB-40F7-8FE4-9FC344E12780}"
EndProject
Project("{FAE04EC0-301F-11D3-BF4B-00C04F79EFBC}") = "Accountancy.UI", "Accountancy.UI\Accountancy.UI.csproj", "{669064D1-3DBF-485B-9C66-6056D35364E9}"
EndProject
Project("{FAE04EC0-301F-11D3-BF4B-00C04F79EFBC}") = "Shop.Domain", "Shop.Domain\Shop.Domain.csproj", "{F7EF10E2-6AD3-4EF2-8243-2F76E116CDC0}"
EndProject
Project("{FAE04EC0-301F-11D3-BF4B-00C04F79EFBC}") = "Shop.Application", "Shop.Application\Shop.Application.csproj", "{48E3DA88-06FA-4FD4-BD6F-9902EEF7940D}"
EndProject
Project("{FAE04EC0-301F-11D3-BF4B-00C04F79EFBC}") = "Shop.Infrastructure", "Shop.Infrastructure\Shop.Infrastructure.csproj", "{DDEF1CA6-CB43-43CC-A20F-45A39DA73BED}"
EndProject
Project("{FAE04EC0-301F-11D3-BF4B-00C04F79EFBC}") = "Shop.WebApi", "Shop.WebApi\Shop.WebApi.csproj", "{F243F9A8-C17F-40FE-9EAB-22636803E6AE}"
EndProject
Global
	GlobalSection(SolutionConfigurationPlatforms) = preSolution
		Debug|Any CPU = Debug|Any CPU
		Release|Any CPU = Release|Any CPU
	EndGlobalSection
	GlobalSection(ProjectConfigurationPlatforms) = postSolution
		{02BD0EFB-FCF4-418E-BD3A-3484B79D1602}.Debug|Any CPU.ActiveCfg = Debug|Any CPU
		{02BD0EFB-FCF4-418E-BD3A-3484B79D1602}.Debug|Any CPU.Build.0 = Debug|Any CPU
		{02BD0EFB-FCF4-418E-BD3A-3484B79D1602}.Release|Any CPU.ActiveCfg = Release|Any CPU
		{02BD0EFB-FCF4-418E-BD3A-3484B79D1602}.Release|Any CPU.Build.0 = Release|Any CPU
		{CAB4C2A1-5D71-40E1-9C8D-03D440A2BDD2}.Debug|Any CPU.ActiveCfg = Debug|Any CPU
		{CAB4C2A1-5D71-40E1-9C8D-03D440A2BDD2}.Debug|Any CPU.Build.0 = Debug|Any CPU
		{CAB4C2A1-5D71-40E1-9C8D-03D440A2BDD2}.Release|Any CPU.ActiveCfg = Release|Any CPU
		{CAB4C2A1-5D71-40E1-9C8D-03D440A2BDD2}.Release|Any CPU.Build.0 = Release|Any CPU
		{8935281B-F9AC-4674-99D8-99662BF4BAA3}.Debug|Any CPU.ActiveCfg = Debug|Any CPU
		{8935281B-F9AC-4674-99D8-99662BF4BAA3}.Debug|Any CPU.Build.0 = Debug|Any CPU
		{8935281B-F9AC-4674-99D8-99662BF4BAA3}.Release|Any CPU.ActiveCfg = Release|Any CPU
		{8935281B-F9AC-4674-99D8-99662BF4BAA3}.Release|Any CPU.Build.0 = Release|Any CPU
		{8B637FB1-F4F2-47A5-86AA-740DB0CFFA43}.Debug|Any CPU.ActiveCfg = Debug|Any CPU
		{8B637FB1-F4F2-47A5-86AA-740DB0CFFA43}.Debug|Any CPU.Build.0 = Debug|Any CPU
		{8B637FB1-F4F2-47A5-86AA-740DB0CFFA43}.Release|Any CPU.ActiveCfg = Release|Any CPU
		{8B637FB1-F4F2-47A5-86AA-740DB0CFFA43}.Release|Any CPU.Build.0 = Release|Any CPU
		{1288E300-5EFB-40F7-8FE4-9FC344E12780}.Debug|Any CPU.ActiveCfg = Debug|Any CPU
		{1288E300-5EFB-40F7-8FE4-9FC344E12780}.Debug|Any CPU.Build.0 = Debug|Any CPU
		{1288E300-5EFB-40F7-8FE4-9FC344E12780}.Release|Any CPU.ActiveCfg = Release|Any CPU
		{1288E300-5EFB-40F7-8FE4-9FC344E12780}.Release|Any CPU.Build.0 = Release|Any CPU
		{669064D1-3DBF-485B-9C66-6056D35364E9}.Debug|Any CPU.ActiveCfg = Debug|Any CPU
		{669064D1-3DBF-485B-9C66-6056D35364E9}.Debug|Any CPU.Build.0 = Debug|Any CPU
		{669064D1-3DBF-485B-9C66-6056D35364E9}.Release|Any CPU.ActiveCfg = Release|Any CPU
		{669064D1-3DBF-485B-9C66-6056D35364E9}.Release|Any CPU.Build.0 = Release|Any CPU
		{F7EF10E2-6AD3-4EF2-8243-2F76E116CDC0}.Debug|Any CPU.ActiveCfg = Debug|Any CPU
		{F7EF10E2-6AD3-4EF2-8243-2F76E116CDC0}.Debug|Any CPU.Build.0 = Debug|Any CPU
		{F7EF10E2-6AD3-4EF2-8243-2F76E116CDC0}.Release|Any CPU.ActiveCfg = Release|Any CPU
		{F7EF10E2-6AD3-4EF2-8243-2F76E116CDC0}.Release|Any CPU.Build.0 = Release|Any CPU
		{48E3DA88-06FA-4FD4-BD6F-9902EEF7940D}.Debug|Any CPU.ActiveCfg = Debug|Any CPU
		{48E3DA88-06FA-4FD4-BD6F-9902EEF7940D}.Debug|Any CPU.Build.0 = Debug|Any CPU
		{48E3DA88-06FA-4FD4-BD6F-9902EEF7940D}.Release|Any CPU.ActiveCfg = Release|Any CPU
		{48E3DA88-06FA-4FD4-BD6F-9902EEF7940D}.Release|Any CPU.Build.0 = Release|Any CPU
		{DDEF1CA6-CB43-43CC-A20F-45A39DA73BED}.Debug|Any CPU.ActiveCfg = Debug|Any CPU
		{DDEF1CA6-CB43-43CC-A20F-45A39DA73BED}.Debug|Any CPU.Build.0 = Debug|Any CPU
		{DDEF1CA6-CB43-43CC-A20F-45A39DA73BED}.Release|Any CPU.ActiveCfg = Release|Any CPU
		{DDEF1CA6-CB43-43CC-A20F-45A39DA73BED}.Release|Any CPU.Build.0 = Release|Any CPU
		{F243F9A8-C17F-40FE-9EAB-22636803E6AE}.Debug|Any CPU.ActiveCfg = Debug|Any CPU
		{F243F9A8-C17F-40FE-9EAB-22636803E6AE}.Debug|Any CPU.Build.0 = Debug|Any CPU
		{F243F9A8-C17F-40FE-9EAB-22636803E6AE}.Release|Any CPU.ActiveCfg = Release|Any CPU
		{F243F9A8-C17F-40FE-9EAB-22636803E6AE}.Release|Any CPU.Build.0 = Release|Any CPU
	EndGlobalSection
	GlobalSection(SolutionProperties) = preSolution
		HideSolutionNode = FALSE
	EndGlobalSection
	GlobalSection(ExtensibilityGlobals) = postSolution
		SolutionGuid = {A9520496-2B3F-43CA-B77C-E32211F13CFD}
	EndGlobalSection
EndGlobal
